
Microsoft Visual Studio Solution File, Format Version 12.00
# Visual Studio Version 16
VisualStudioVersion = 16.0.29519.181
MinimumVisualStudioVersion = 10.0.40219.1
Project("{9A19103F-16F7-4668-BE54-9A1E7A4F7556}") = "Hbsis.Ambev.Unicesumar.Canteen.Api", "Hbsis.Ambev.Unicesumar.Canteen\Hbsis.Ambev.Unicesumar.Canteen.Api.csproj", "{6F008BC5-4E37-4E56-8AEC-8733246532E5}"
EndProject
Project("{FAE04EC0-301F-11D3-BF4B-00C04F79EFBC}") = "Hbsis.Ambev.Unicesumar.Canteen.Domain", "Hbsis.Ambev.Unicesumar.Canteen.Domain\Hbsis.Ambev.Unicesumar.Canteen.Domain.csproj", "{C45EF7CE-9072-4AB6-BF31-40E834807AD0}"
EndProject
Project("{FAE04EC0-301F-11D3-BF4B-00C04F79EFBC}") = "Hbsis.Ambev.Unicesumar.Canteen.Infra", "Hbsis.Ambev.Unicesumar.Canteen.Infra\Hbsis.Ambev.Unicesumar.Canteen.Infra.csproj", "{D96FAB42-3E40-4B1F-B641-D922113A75F6}"
EndProject
Global
	GlobalSection(SolutionConfigurationPlatforms) = preSolution
		Debug|Any CPU = Debug|Any CPU
		Release|Any CPU = Release|Any CPU
	EndGlobalSection
	GlobalSection(ProjectConfigurationPlatforms) = postSolution
		{6F008BC5-4E37-4E56-8AEC-8733246532E5}.Debug|Any CPU.ActiveCfg = Debug|Any CPU
		{6F008BC5-4E37-4E56-8AEC-8733246532E5}.Debug|Any CPU.Build.0 = Debug|Any CPU
		{6F008BC5-4E37-4E56-8AEC-8733246532E5}.Release|Any CPU.ActiveCfg = Release|Any CPU
		{6F008BC5-4E37-4E56-8AEC-8733246532E5}.Release|Any CPU.Build.0 = Release|Any CPU
		{C45EF7CE-9072-4AB6-BF31-40E834807AD0}.Debug|Any CPU.ActiveCfg = Debug|Any CPU
		{C45EF7CE-9072-4AB6-BF31-40E834807AD0}.Debug|Any CPU.Build.0 = Debug|Any CPU
		{C45EF7CE-9072-4AB6-BF31-40E834807AD0}.Release|Any CPU.ActiveCfg = Release|Any CPU
		{C45EF7CE-9072-4AB6-BF31-40E834807AD0}.Release|Any CPU.Build.0 = Release|Any CPU
		{D96FAB42-3E40-4B1F-B641-D922113A75F6}.Debug|Any CPU.ActiveCfg = Debug|Any CPU
		{D96FAB42-3E40-4B1F-B641-D922113A75F6}.Debug|Any CPU.Build.0 = Debug|Any CPU
		{D96FAB42-3E40-4B1F-B641-D922113A75F6}.Release|Any CPU.ActiveCfg = Release|Any CPU
		{D96FAB42-3E40-4B1F-B641-D922113A75F6}.Release|Any CPU.Build.0 = Release|Any CPU
	EndGlobalSection
	GlobalSection(SolutionProperties) = preSolution
		HideSolutionNode = FALSE
	EndGlobalSection
	GlobalSection(ExtensibilityGlobals) = postSolution
		SolutionGuid = {EDE57A08-EEFB-4595-A347-A8D82BAEF1AB}
	EndGlobalSection
EndGlobal
